
Microsoft Visual Studio Solution File, Format Version 12.00
# Visual Studio Version 16
VisualStudioVersion = 16.0.31613.86
MinimumVisualStudioVersion = 10.0.40219.1
Project("{FAE04EC0-301F-11D3-BF4B-00C04F79EFBC}") = "Adapter1", "Adapter1\Adapter1.csproj", "{098AC77B-6E80-43A0-BAB1-43A5C2D8E30F}"
EndProject
Global
	GlobalSection(SolutionConfigurationPlatforms) = preSolution
		Debug|Any CPU = Debug|Any CPU
		Release|Any CPU = Release|Any CPU
	EndGlobalSection
	GlobalSection(ProjectConfigurationPlatforms) = postSolution
		{098AC77B-6E80-43A0-BAB1-43A5C2D8E30F}.Debug|Any CPU.ActiveCfg = Debug|Any CPU
		{098AC77B-6E80-43A0-BAB1-43A5C2D8E30F}.Debug|Any CPU.Build.0 = Debug|Any CPU
		{098AC77B-6E80-43A0-BAB1-43A5C2D8E30F}.Release|Any CPU.ActiveCfg = Release|Any CPU
		{098AC77B-6E80-43A0-BAB1-43A5C2D8E30F}.Release|Any CPU.Build.0 = Release|Any CPU
	EndGlobalSection
	GlobalSection(SolutionProperties) = preSolution
		HideSolutionNode = FALSE
	EndGlobalSection
	GlobalSection(ExtensibilityGlobals) = postSolution
		SolutionGuid = {558528BD-9927-4064-8285-A2042E9C3D65}
	EndGlobalSection
EndGlobal
